// !$*UTF8*$!
{
	archiveVersion = 1;
	classes = {
	};
	objectVersion = 46;
	objects = {

/* Begin PBXBuildFile section */
		CF5E81111B25BAD200E6CD34 /* SlotBrain.swift in Sources */ = {isa = PBXBuildFile; fileRef = CF5E81101B25BAD200E6CD34 /* SlotBrain.swift */; };
		CF9B8F171B24B1E700A7516D /* Slot.swift in Sources */ = {isa = PBXBuildFile; fileRef = CF9B8F161B24B1E700A7516D /* Slot.swift */; };
		CF9B8F191B24B8A200A7516D /* Factory.swift in Sources */ = {isa = PBXBuildFile; fileRef = CF9B8F181B24B8A200A7516D /* Factory.swift */; };
		CF9DC3C51B2092BE003BA7B7 /* AppDelegate.swift in Sources */ = {isa = PBXBuildFile; fileRef = CF9DC3C41B2092BE003BA7B7 /* AppDelegate.swift */; };
		CF9DC3C71B2092BE003BA7B7 /* ViewController.swift in Sources */ = {isa = PBXBuildFile; fileRef = CF9DC3C61B2092BE003BA7B7 /* ViewController.swift */; };
		CF9DC3CA1B2092BE003BA7B7 /* Main.storyboard in Resources */ = {isa = PBXBuildFile; fileRef = CF9DC3C81B2092BE003BA7B7 /* Main.storyboard */; };
		CF9DC3CC1B2092BE003BA7B7 /* Images.xcassets in Resources */ = {isa = PBXBuildFile; fileRef = CF9DC3CB1B2092BE003BA7B7 /* Images.xcassets */; };
		CF9DC3CF1B2092BE003BA7B7 /* LaunchScreen.xib in Resources */ = {isa = PBXBuildFile; fileRef = CF9DC3CD1B2092BE003BA7B7 /* LaunchScreen.xib */; };
		CF9DC3DB1B2092BE003BA7B7 /* SlotMachineTests.swift in Sources */ = {isa = PBXBuildFile; fileRef = CF9DC3DA1B2092BE003BA7B7 /* SlotMachineTests.swift */; };
/* End PBXBuildFile section */

/* Begin PBXContainerItemProxy section */
		CF9DC3D51B2092BE003BA7B7 /* PBXContainerItemProxy */ = {
			isa = PBXContainerItemProxy;
			containerPortal = CF9DC3B71B2092BE003BA7B7 /* Project object */;
			proxyType = 1;
			remoteGlobalIDString = CF9DC3BE1B2092BE003BA7B7;
			remoteInfo = SlotMachine;
		};
/* End PBXContainerItemProxy section */

/* Begin PBXFileReference section */
		CF5E81101B25BAD200E6CD34 /* SlotBrain.swift */ = {isa = PBXFileReference; fileEncoding = 4; lastKnownFileType = sourcecode.swift; path = SlotBrain.swift; sourceTree = "<group>"; };
		CF9B8F161B24B1E700A7516D /* Slot.swift */ = {isa = PBXFileReference; fileEncoding = 4; lastKnownFileType = sourcecode.swift; path = Slot.swift; sourceTree = "<group>"; };
		CF9B8F181B24B8A200A7516D /* Factory.swift */ = {isa = PBXFileReference; fileEncoding = 4; lastKnownFileType = sourcecode.swift; path = Factory.swift; sourceTree = "<group>"; };
		CF9DC3BF1B2092BE003BA7B7 /* SlotMachine.app */ = {isa = PBXFileReference; explicitFileType = wrapper.application; includeInIndex = 0; path = SlotMachine.app; sourceTree = BUILT_PRODUCTS_DIR; };
		CF9DC3C31B2092BE003BA7B7 /* Info.plist */ = {isa = PBXFileReference; lastKnownFileType = text.plist.xml; path = Info.plist; sourceTree = "<group>"; };
		CF9DC3C41B2092BE003BA7B7 /* AppDelegate.swift */ = {isa = PBXFileReference; lastKnownFileType = sourcecode.swift; path = AppDelegate.swift; sourceTree = "<group>"; };
		CF9DC3C61B2092BE003BA7B7 /* ViewController.swift */ = {isa = PBXFileReference; lastKnownFileType = sourcecode.swift; path = ViewController.swift; sourceTree = "<group>"; };
		CF9DC3C91B2092BE003BA7B7 /* Base */ = {isa = PBXFileReference; lastKnownFileType = file.storyboard; name = Base; path = Base.lproj/Main.storyboard; sourceTree = "<group>"; };
		CF9DC3CB1B2092BE003BA7B7 /* Images.xcassets */ = {isa = PBXFileReference; lastKnownFileType = folder.assetcatalog; path = Images.xcassets; sourceTree = "<group>"; };
		CF9DC3CE1B2092BE003BA7B7 /* Base */ = {isa = PBXFileReference; lastKnownFileType = file.xib; name = Base; path = Base.lproj/LaunchScreen.xib; sourceTree = "<group>"; };
		CF9DC3D41B2092BE003BA7B7 /* SlotMachineTests.xctest */ = {isa = PBXFileReference; explicitFileType = wrapper.cfbundle; includeInIndex = 0; path = SlotMachineTests.xctest; sourceTree = BUILT_PRODUCTS_DIR; };
		CF9DC3D91B2092BE003BA7B7 /* Info.plist */ = {isa = PBXFileReference; lastKnownFileType = text.plist.xml; path = Info.plist; sourceTree = "<group>"; };
		CF9DC3DA1B2092BE003BA7B7 /* SlotMachineTests.swift */ = {isa = PBXFileReference; lastKnownFileType = sourcecode.swift; path = SlotMachineTests.swift; sourceTree = "<group>"; };
/* End PBXFileReference section */

/* Begin PBXFrameworksBuildPhase section */
		CF9DC3BC1B2092BE003BA7B7 /* Frameworks */ = {
			isa = PBXFrameworksBuildPhase;
			buildActionMask = 2147483647;
			files = (
			);
			runOnlyForDeploymentPostprocessing = 0;
		};
		CF9DC3D11B2092BE003BA7B7 /* Frameworks */ = {
			isa = PBXFrameworksBuildPhase;
			buildActionMask = 2147483647;
			files = (
			);
			runOnlyForDeploymentPostprocessing = 0;
		};
/* End PBXFrameworksBuildPhase section */

/* Begin PBXGroup section */
		CF9DC3B61B2092BE003BA7B7 = {
			isa = PBXGroup;
			children = (
				CF9DC3C11B2092BE003BA7B7 /* SlotMachine */,
				CF9DC3D71B2092BE003BA7B7 /* SlotMachineTests */,
				CF9DC3C01B2092BE003BA7B7 /* Products */,
			);
			sourceTree = "<group>";
		};
		CF9DC3C01B2092BE003BA7B7 /* Products */ = {
			isa = PBXGroup;
			children = (
				CF9DC3BF1B2092BE003BA7B7 /* SlotMachine.app */,
				CF9DC3D41B2092BE003BA7B7 /* SlotMachineTests.xctest */,
			);
			name = Products;
			sourceTree = "<group>";
		};
		CF9DC3C11B2092BE003BA7B7 /* SlotMachine */ = {
			isa = PBXGroup;
			children = (
				CF9DC3C41B2092BE003BA7B7 /* AppDelegate.swift */,
				CF9DC3C61B2092BE003BA7B7 /* ViewController.swift */,
				CF9B8F161B24B1E700A7516D /* Slot.swift */,
				CF9DC3C81B2092BE003BA7B7 /* Main.storyboard */,
				CF9DC3CB1B2092BE003BA7B7 /* Images.xcassets */,
				CF9B8F181B24B8A200A7516D /* Factory.swift */,
				CF5E81101B25BAD200E6CD34 /* SlotBrain.swift */,
				CF9DC3CD1B2092BE003BA7B7 /* LaunchScreen.xib */,
				CF9DC3C21B2092BE003BA7B7 /* Supporting Files */,
			);
			path = SlotMachine;
			sourceTree = "<group>";
		};
		CF9DC3C21B2092BE003BA7B7 /* Supporting Files */ = {
			isa = PBXGroup;
			children = (
				CF9DC3C31B2092BE003BA7B7 /* Info.plist */,
			);
			name = "Supporting Files";
			sourceTree = "<group>";
		};
		CF9DC3D71B2092BE003BA7B7 /* SlotMachineTests */ = {
			isa = PBXGroup;
			children = (
				CF9DC3DA1B2092BE003BA7B7 /* SlotMachineTests.swift */,
				CF9DC3D81B2092BE003BA7B7 /* Supporting Files */,
			);
			path = SlotMachineTests;
			sourceTree = "<group>";
		};
		CF9DC3D81B2092BE003BA7B7 /* Supporting Files */ = {
			isa = PBXGroup;
			children = (
				CF9DC3D91B2092BE003BA7B7 /* Info.plist */,
			);
			name = "Supporting Files";
			sourceTree = "<group>";
		};
/* End PBXGroup section */

/* Begin PBXNativeTarget section */
		CF9DC3BE1B2092BE003BA7B7 /* SlotMachine */ = {
			isa = PBXNativeTarget;
			buildConfigurationList = CF9DC3DE1B2092BE003BA7B7 /* Build configuration list for PBXNativeTarget "SlotMachine" */;
			buildPhases = (
				CF9DC3BB1B2092BE003BA7B7 /* Sources */,
				CF9DC3BC1B2092BE003BA7B7 /* Frameworks */,
				CF9DC3BD1B2092BE003BA7B7 /* Resources */,
			);
			buildRules = (
			);
			dependencies = (
			);
			name = SlotMachine;
			productName = SlotMachine;
			productReference = CF9DC3BF1B2092BE003BA7B7 /* SlotMachine.app */;
			productType = "com.apple.product-type.application";
		};
		CF9DC3D31B2092BE003BA7B7 /* SlotMachineTests */ = {
			isa = PBXNativeTarget;
			buildConfigurationList = CF9DC3E11B2092BE003BA7B7 /* Build configuration list for PBXNativeTarget "SlotMachineTests" */;
			buildPhases = (
				CF9DC3D01B2092BE003BA7B7 /* Sources */,
				CF9DC3D11B2092BE003BA7B7 /* Frameworks */,
				CF9DC3D21B2092BE003BA7B7 /* Resources */,
			);
			buildRules = (
			);
			dependencies = (
				CF9DC3D61B2092BE003BA7B7 /* PBXTargetDependency */,
			);
			name = SlotMachineTests;
			productName = SlotMachineTests;
			productReference = CF9DC3D41B2092BE003BA7B7 /* SlotMachineTests.xctest */;
			productType = "com.apple.product-type.bundle.unit-test";
		};
/* End PBXNativeTarget section */

/* Begin PBXProject section */
		CF9DC3B71B2092BE003BA7B7 /* Project object */ = {
			isa = PBXProject;
			attributes = {
				LastUpgradeCheck = 0630;
				ORGANIZATIONNAME = GemmaShearer;
				TargetAttributes = {
					CF9DC3BE1B2092BE003BA7B7 = {
						CreatedOnToolsVersion = 6.3.2;
					};
					CF9DC3D31B2092BE003BA7B7 = {
						CreatedOnToolsVersion = 6.3.2;
						TestTargetID = CF9DC3BE1B2092BE003BA7B7;
					};
				};
			};
			buildConfigurationList = CF9DC3BA1B2092BE003BA7B7 /* Build configuration list for PBXProject "SlotMachine" */;
			compatibilityVersion = "Xcode 3.2";
			developmentRegion = English;
			hasScannedForEncodings = 0;
			knownRegions = (
				en,
				Base,
			);
			mainGroup = CF9DC3B61B2092BE003BA7B7;
			productRefGroup = CF9DC3C01B2092BE003BA7B7 /* Products */;
			projectDirPath = "";
			projectRoot = "";
			targets = (
				CF9DC3BE1B2092BE003BA7B7 /* SlotMachine */,
				CF9DC3D31B2092BE003BA7B7 /* SlotMachineTests */,
			);
		};
/* End PBXProject section */

/* Begin PBXResourcesBuildPhase section */
		CF9DC3BD1B2092BE003BA7B7 /* Resources */ = {
			isa = PBXResourcesBuildPhase;
			buildActionMask = 2147483647;
			files = (
				CF9DC3CA1B2092BE003BA7B7 /* Main.storyboard in Resources */,
				CF9DC3CF1B2092BE003BA7B7 /* LaunchScreen.xib in Resources */,
				CF9DC3CC1B2092BE003BA7B7 /* Images.xcassets in Resources */,
			);
			runOnlyForDeploymentPostprocessing = 0;
		};
		CF9DC3D21B2092BE003BA7B7 /* Resources */ = {
			isa = PBXResourcesBuildPhase;
			buildActionMask = 2147483647;
			files = (
			);
			runOnlyForDeploymentPostprocessing = 0;
		};
/* End PBXResourcesBuildPhase section */

/* Begin PBXSourcesBuildPhase section */
		CF9DC3BB1B2092BE003BA7B7 /* Sources */ = {
			isa = PBXSourcesBuildPhase;
			buildActionMask = 2147483647;
			files = (
				CF9B8F191B24B8A200A7516D /* Factory.swift in Sources */,
				CF9DC3C71B2092BE003BA7B7 /* ViewController.swift in Sources */,
				CF9B8F171B24B1E700A7516D /* Slot.swift in Sources */,
				CF9DC3C51B2092BE003BA7B7 /* AppDelegate.swift in Sources */,
				CF5E81111B25BAD200E6CD34 /* SlotBrain.swift in Sources */,
			);
			runOnlyForDeploymentPostprocessing = 0;
		};
		CF9DC3D01B2092BE003BA7B7 /* Sources */ = {
			isa = PBXSourcesBuildPhase;
			buildActionMask = 2147483647;
			files = (
				CF9DC3DB1B2092BE003BA7B7 /* SlotMachineTests.swift in Sources */,
			);
			runOnlyForDeploymentPostprocessing = 0;
		};
/* End PBXSourcesBuildPhase section */

/* Begin PBXTargetDependency section */
		CF9DC3D61B2092BE003BA7B7 /* PBXTargetDependency */ = {
			isa = PBXTargetDependency;
			target = CF9DC3BE1B2092BE003BA7B7 /* SlotMachine */;
			targetProxy = CF9DC3D51B2092BE003BA7B7 /* PBXContainerItemProxy */;
		};
/* End PBXTargetDependency section */

/* Begin PBXVariantGroup section */
		CF9DC3C81B2092BE003BA7B7 /* Main.storyboard */ = {
			isa = PBXVariantGroup;
			children = (
				CF9DC3C91B2092BE003BA7B7 /* Base */,
			);
			name = Main.storyboard;
			sourceTree = "<group>";
		};
		CF9DC3CD1B2092BE003BA7B7 /* LaunchScreen.xib */ = {
			isa = PBXVariantGroup;
			children = (
				CF9DC3CE1B2092BE003BA7B7 /* Base */,
			);
			name = LaunchScreen.xib;
			sourceTree = "<group>";
		};
/* End PBXVariantGroup section */

/* Begin XCBuildConfiguration section */
		CF9DC3DC1B2092BE003BA7B7 /* Debug */ = {
			isa = XCBuildConfiguration;
			buildSettings = {
				ALWAYS_SEARCH_USER_PATHS = NO;
				CLANG_CXX_LANGUAGE_STANDARD = "gnu++0x";
				CLANG_CXX_LIBRARY = "libc++";
				CLANG_ENABLE_MODULES = YES;
				CLANG_ENABLE_OBJC_ARC = YES;
				CLANG_WARN_BOOL_CONVERSION = YES;
				CLANG_WARN_CONSTANT_CONVERSION = YES;
				CLANG_WARN_DIRECT_OBJC_ISA_USAGE = YES_ERROR;
				CLANG_WARN_EMPTY_BODY = YES;
				CLANG_WARN_ENUM_CONVERSION = YES;
				CLANG_WARN_INT_CONVERSION = YES;
				CLANG_WARN_OBJC_ROOT_CLASS = YES_ERROR;
				CLANG_WARN_UNREACHABLE_CODE = YES;
				CLANG_WARN__DUPLICATE_METHOD_MATCH = YES;
				"CODE_SIGN_IDENTITY[sdk=iphoneos*]" = "iPhone Developer";
				COPY_PHASE_STRIP = NO;
				DEBUG_INFORMATION_FORMAT = "dwarf-with-dsym";
				ENABLE_STRICT_OBJC_MSGSEND = YES;
				GCC_C_LANGUAGE_STANDARD = gnu99;
				GCC_DYNAMIC_NO_PIC = NO;
				GCC_NO_COMMON_BLOCKS = YES;
				GCC_OPTIMIZATION_LEVEL = 0;
				GCC_PREPROCESSOR_DEFINITIONS = (
					"DEBUG=1",
					"$(inherited)",
				);
				GCC_SYMBOLS_PRIVATE_EXTERN = NO;
				GCC_WARN_64_TO_32_BIT_CONVERSION = YES;
				GCC_WARN_ABOUT_RETURN_TYPE = YES_ERROR;
				GCC_WARN_UNDECLARED_SELECTOR = YES;
				GCC_WARN_UNINITIALIZED_AUTOS = YES_AGGRESSIVE;
				GCC_WARN_UNUSED_FUNCTION = YES;
				GCC_WARN_UNUSED_VARIABLE = YES;
				IPHONEOS_DEPLOYMENT_TARGET = 8.3;
				MTL_ENABLE_DEBUG_INFO = YES;
				ONLY_ACTIVE_ARCH = YES;
				SDKROOT = iphoneos;
				SWIFT_OPTIMIZATION_LEVEL = "-Onone";
				TARGETED_DEVICE_FAMILY = "1,2";
			};
			name = Debug;
		};
		CF9DC3DD1B2092BE003BA7B7 /* Release */ = {
			isa = XCBuildConfiguration;
			buildSettings = {
				ALWAYS_SEARCH_USER_PATHS = NO;
				CLANG_CXX_LANGUAGE_STANDARD = "gnu++0x";
				CLANG_CXX_LIBRARY = "libc++";
				CLANG_ENABLE_MODULES = YES;
				CLANG_ENABLE_OBJC_ARC = YES;
				CLANG_WARN_BOOL_CONVERSION = YES;
				CLANG_WARN_CONSTANT_CONVERSION = YES;
				CLANG_WARN_DIRECT_OBJC_ISA_USAGE = YES_ERROR;
				CLANG_WARN_EMPTY_BODY = YES;
				CLANG_WARN_ENUM_CONVERSION = YES;
				CLANG_WARN_INT_CONVERSION = YES;
				CLANG_WARN_OBJC_ROOT_CLASS = YES_ERROR;
				CLANG_WARN_UNREACHABLE_CODE = YES;
				CLANG_WARN__DUPLICATE_METHOD_MATCH = YES;
				"CODE_SIGN_IDENTITY[sdk=iphoneos*]" = "iPhone Developer";
				COPY_PHASE_STRIP = NO;
				DEBUG_INFORMATION_FORMAT = "dwarf-with-dsym";
				ENABLE_NS_ASSERTIONS = NO;
				ENABLE_STRICT_OBJC_MSGSEND = YES;
				GCC_C_LANGUAGE_STANDARD = gnu99;
				GCC_NO_COMMON_BLOCKS = YES;
				GCC_WARN_64_TO_32_BIT_CONVERSION = YES;
				GCC_WARN_ABOUT_RETURN_TYPE = YES_ERROR;
				GCC_WARN_UNDECLARED_SELECTOR = YES;
				GCC_WARN_UNINITIALIZED_AUTOS = YES_AGGRESSIVE;
				GCC_WARN_UNUSED_FUNCTION = YES;
				GCC_WARN_UNUSED_VARIABLE = YES;
				IPHONEOS_DEPLOYMENT_TARGET = 8.3;
				MTL_ENABLE_DEBUG_INFO = NO;
				SDKROOT = iphoneos;
				TARGETED_DEVICE_FAMILY = "1,2";
				VALIDATE_PRODUCT = YES;
			};
			name = Release;
		};
		CF9DC3DF1B2092BE003BA7B7 /* Debug */ = {
			isa = XCBuildConfiguration;
			buildSettings = {
				ASSETCATALOG_COMPILER_APPICON_NAME = AppIcon;
				INFOPLIST_FILE = SlotMachine/Info.plist;
				LD_RUNPATH_SEARCH_PATHS = "$(inherited) @executable_path/Frameworks";
				PRODUCT_NAME = "$(TARGET_NAME)";
				TARGETED_DEVICE_FAMILY = "1,2";
			};
			name = Debug;
		};
		CF9DC3E01B2092BE003BA7B7 /* Release */ = {
			isa = XCBuildConfiguration;
			buildSettings = {
				ASSETCATALOG_COMPILER_APPICON_NAME = AppIcon;
				INFOPLIST_FILE = SlotMachine/Info.plist;
				LD_RUNPATH_SEARCH_PATHS = "$(inherited) @executable_path/Frameworks";
				PRODUCT_NAME = "$(TARGET_NAME)";
				TARGETED_DEVICE_FAMILY = "1,2";
			};
			name = Release;
		};
		CF9DC3E21B2092BE003BA7B7 /* Debug */ = {
			isa = XCBuildConfiguration;
			buildSettings = {
				BUNDLE_LOADER = "$(TEST_HOST)";
				FRAMEWORK_SEARCH_PATHS = (
					"$(SDKROOT)/Developer/Library/Frameworks",
					"$(inherited)",
				);
				GCC_PREPROCESSOR_DEFINITIONS = (
					"DEBUG=1",
					"$(inherited)",
				);
				INFOPLIST_FILE = SlotMachineTests/Info.plist;
				LD_RUNPATH_SEARCH_PATHS = "$(inherited) @executable_path/Frameworks @loader_path/Frameworks";
				PRODUCT_NAME = "$(TARGET_NAME)";
				TEST_HOST = "$(BUILT_PRODUCTS_DIR)/SlotMachine.app/SlotMachine";
			};
			name = Debug;
		};
		CF9DC3E31B2092BE003BA7B7 /* Release */ = {
			isa = XCBuildConfiguration;
			buildSettings = {
				BUNDLE_LOADER = "$(TEST_HOST)";
				FRAMEWORK_SEARCH_PATHS = (
					"$(SDKROOT)/Developer/Library/Frameworks",
					"$(inherited)",
				);
				INFOPLIST_FILE = SlotMachineTests/Info.plist;
				LD_RUNPATH_SEARCH_PATHS = "$(inherited) @executable_path/Frameworks @loader_path/Frameworks";
				PRODUCT_NAME = "$(TARGET_NAME)";
				TEST_HOST = "$(BUILT_PRODUCTS_DIR)/SlotMachine.app/SlotMachine";
			};
			name = Release;
		};
/* End XCBuildConfiguration section */

/* Begin XCConfigurationList section */
		CF9DC3BA1B2092BE003BA7B7 /* Build configuration list for PBXProject "SlotMachine" */ = {
			isa = XCConfigurationList;
			buildConfigurations = (
				CF9DC3DC1B2092BE003BA7B7 /* Debug */,
				CF9DC3DD1B2092BE003BA7B7 /* Release */,
			);
			defaultConfigurationIsVisible = 0;
			defaultConfigurationName = Release;
		};
		CF9DC3DE1B2092BE003BA7B7 /* Build configuration list for PBXNativeTarget "SlotMachine" */ = {
			isa = XCConfigurationList;
			buildConfigurations = (
				CF9DC3DF1B2092BE003BA7B7 /* Debug */,
				CF9DC3E01B2092BE003BA7B7 /* Release */,
			);
			defaultConfigurationIsVisible = 0;
			defaultConfigurationName = Release;
		};
		CF9DC3E11B2092BE003BA7B7 /* Build configuration list for PBXNativeTarget "SlotMachineTests" */ = {
			isa = XCConfigurationList;
			buildConfigurations = (
				CF9DC3E21B2092BE003BA7B7 /* Debug */,
				CF9DC3E31B2092BE003BA7B7 /* Release */,
			);
			defaultConfigurationIsVisible = 0;
			defaultConfigurationName = Release;
		};
/* End XCConfigurationList section */
	};
	rootObject = CF9DC3B71B2092BE003BA7B7 /* Project object */;
}
